// !$*UTF8*$!
{
	archiveVersion = 1;
	classes = {
	};
	objectVersion = 50;
	objects = {

/* Begin PBXBuildFile section */
		021648A822C41C64009AF692 /* CVC+ScrollView.swift in Sources */ = {isa = PBXBuildFile; fileRef = 021648A722C41C64009AF692 /* CVC+ScrollView.swift */; };
		021648AA22C41D13009AF692 /* CVC+CustomDelegates.swift in Sources */ = {isa = PBXBuildFile; fileRef = 021648A922C41D13009AF692 /* CVC+CustomDelegates.swift */; };
		021648AC22C41D9E009AF692 /* CVC+CollectionviewDelegate.swift in Sources */ = {isa = PBXBuildFile; fileRef = 021648AB22C41D9E009AF692 /* CVC+CollectionviewDelegate.swift */; };
		021648AF22C42214009AF692 /* ACVC+TextfieldDelegates.swift in Sources */ = {isa = PBXBuildFile; fileRef = 021648AE22C42214009AF692 /* ACVC+TextfieldDelegates.swift */; };
		02485E0623BBF1AA002A5478 /* CreateCardVC.swift in Sources */ = {isa = PBXBuildFile; fileRef = 02485E0523BBF1AA002A5478 /* CreateCardVC.swift */; };
		02485E0A23BD02E7002A5478 /* PrimaryButton.swift in Sources */ = {isa = PBXBuildFile; fileRef = 02485E0923BD02E7002A5478 /* PrimaryButton.swift */; };
		02485E0C23BD61C5002A5478 /* PrimaryTextField.swift in Sources */ = {isa = PBXBuildFile; fileRef = 02485E0B23BD61C5002A5478 /* PrimaryTextField.swift */; };
		02485E0E23BD66CE002A5478 /* QRCodeBuilder.swift in Sources */ = {isa = PBXBuildFile; fileRef = 02485E0D23BD66CE002A5478 /* QRCodeBuilder.swift */; };
		02485E1023BD7600002A5478 /* PrimaryLabel.swift in Sources */ = {isa = PBXBuildFile; fileRef = 02485E0F23BD7600002A5478 /* PrimaryLabel.swift */; };
		02485E1223BD774C002A5478 /* SecondaryLabel.swift in Sources */ = {isa = PBXBuildFile; fileRef = 02485E1123BD774C002A5478 /* SecondaryLabel.swift */; };
		02485E1423BD7958002A5478 /* Constants.swift in Sources */ = {isa = PBXBuildFile; fileRef = 02485E1323BD7958002A5478 /* Constants.swift */; };
		02485E1A23BD7D99002A5478 /* CircleContainerView.swift in Sources */ = {isa = PBXBuildFile; fileRef = 02485E1923BD7D99002A5478 /* CircleContainerView.swift */; };
		02485E1D23BD9EAC002A5478 /* AddInfoVC.swift in Sources */ = {isa = PBXBuildFile; fileRef = 02485E1C23BD9EAC002A5478 /* AddInfoVC.swift */; };
		02485E1F23BD9F5D002A5478 /* SquareContainerView.swift in Sources */ = {isa = PBXBuildFile; fileRef = 02485E1E23BD9F5D002A5478 /* SquareContainerView.swift */; };
		02782D4823BEDFF6006F44C3 /* ViewController+Extensions.swift in Sources */ = {isa = PBXBuildFile; fileRef = 02782D4723BEDFF6006F44C3 /* ViewController+Extensions.swift */; };
		02782D4A23BEE696006F44C3 /* SocialVC.swift in Sources */ = {isa = PBXBuildFile; fileRef = 02782D4923BEE696006F44C3 /* SocialVC.swift */; };
		02782D4C23BEF4FF006F44C3 /* CardsVC.swift in Sources */ = {isa = PBXBuildFile; fileRef = 02782D4B23BEF4FF006F44C3 /* CardsVC.swift */; };
		02782D5023BF0306006F44C3 /* CardCell.swift in Sources */ = {isa = PBXBuildFile; fileRef = 02782D4F23BF0306006F44C3 /* CardCell.swift */; };
		02E54B1122B16EC8000751CC /* String+Extension.swift in Sources */ = {isa = PBXBuildFile; fileRef = 02E54B1022B16EC8000751CC /* String+Extension.swift */; };
		02E54B1422B33074000751CC /* PersistenceService.swift in Sources */ = {isa = PBXBuildFile; fileRef = 02E54B1322B33074000751CC /* PersistenceService.swift */; };
		02E54B2822B35C94000751CC /* My_Business_Card.xcdatamodeld in Sources */ = {isa = PBXBuildFile; fileRef = 02E54B2622B35C94000751CC /* My_Business_Card.xcdatamodeld */; };
		02E54B2A22B41F55000751CC /* Alert.swift in Sources */ = {isa = PBXBuildFile; fileRef = 02E54B2922B41F55000751CC /* Alert.swift */; };
		02F0B5FB22A87F6000ED64C3 /* AppDelegate.swift in Sources */ = {isa = PBXBuildFile; fileRef = 02F0B5FA22A87F6000ED64C3 /* AppDelegate.swift */; };
		02F0B5FD22A87F6000ED64C3 /* CardsViewController.swift in Sources */ = {isa = PBXBuildFile; fileRef = 02F0B5FC22A87F6000ED64C3 /* CardsViewController.swift */; };
		02F0B60022A87F6000ED64C3 /* Main.storyboard in Resources */ = {isa = PBXBuildFile; fileRef = 02F0B5FE22A87F6000ED64C3 /* Main.storyboard */; };
		02F0B60222A87F6100ED64C3 /* Assets.xcassets in Resources */ = {isa = PBXBuildFile; fileRef = 02F0B60122A87F6100ED64C3 /* Assets.xcassets */; };
		02F0B60522A87F6100ED64C3 /* LaunchScreen.storyboard in Resources */ = {isa = PBXBuildFile; fileRef = 02F0B60322A87F6100ED64C3 /* LaunchScreen.storyboard */; };
		02F0B60D22A8DD0200ED64C3 /* CardCollectionViewCell.swift in Sources */ = {isa = PBXBuildFile; fileRef = 02F0B60C22A8DD0200ED64C3 /* CardCollectionViewCell.swift */; };
		02F0B61122A9800E00ED64C3 /* AddCardViewController.swift in Sources */ = {isa = PBXBuildFile; fileRef = 02F0B61022A9800E00ED64C3 /* AddCardViewController.swift */; };
/* End PBXBuildFile section */

/* Begin PBXFileReference section */
		021648A722C41C64009AF692 /* CVC+ScrollView.swift */ = {isa = PBXFileReference; lastKnownFileType = sourcecode.swift; path = "CVC+ScrollView.swift"; sourceTree = "<group>"; };
		021648A922C41D13009AF692 /* CVC+CustomDelegates.swift */ = {isa = PBXFileReference; lastKnownFileType = sourcecode.swift; path = "CVC+CustomDelegates.swift"; sourceTree = "<group>"; };
		021648AB22C41D9E009AF692 /* CVC+CollectionviewDelegate.swift */ = {isa = PBXFileReference; lastKnownFileType = sourcecode.swift; path = "CVC+CollectionviewDelegate.swift"; sourceTree = "<group>"; };
		021648AE22C42214009AF692 /* ACVC+TextfieldDelegates.swift */ = {isa = PBXFileReference; lastKnownFileType = sourcecode.swift; path = "ACVC+TextfieldDelegates.swift"; sourceTree = "<group>"; };
		02485E0523BBF1AA002A5478 /* CreateCardVC.swift */ = {isa = PBXFileReference; lastKnownFileType = sourcecode.swift; path = CreateCardVC.swift; sourceTree = "<group>"; };
		02485E0923BD02E7002A5478 /* PrimaryButton.swift */ = {isa = PBXFileReference; lastKnownFileType = sourcecode.swift; path = PrimaryButton.swift; sourceTree = "<group>"; };
		02485E0B23BD61C5002A5478 /* PrimaryTextField.swift */ = {isa = PBXFileReference; lastKnownFileType = sourcecode.swift; path = PrimaryTextField.swift; sourceTree = "<group>"; };
		02485E0D23BD66CE002A5478 /* QRCodeBuilder.swift */ = {isa = PBXFileReference; lastKnownFileType = sourcecode.swift; path = QRCodeBuilder.swift; sourceTree = "<group>"; };
		02485E0F23BD7600002A5478 /* PrimaryLabel.swift */ = {isa = PBXFileReference; lastKnownFileType = sourcecode.swift; path = PrimaryLabel.swift; sourceTree = "<group>"; };
		02485E1123BD774C002A5478 /* SecondaryLabel.swift */ = {isa = PBXFileReference; lastKnownFileType = sourcecode.swift; path = SecondaryLabel.swift; sourceTree = "<group>"; };
		02485E1323BD7958002A5478 /* Constants.swift */ = {isa = PBXFileReference; lastKnownFileType = sourcecode.swift; path = Constants.swift; sourceTree = "<group>"; };
		02485E1923BD7D99002A5478 /* CircleContainerView.swift */ = {isa = PBXFileReference; lastKnownFileType = sourcecode.swift; path = CircleContainerView.swift; sourceTree = "<group>"; };
		02485E1C23BD9EAC002A5478 /* AddInfoVC.swift */ = {isa = PBXFileReference; lastKnownFileType = sourcecode.swift; path = AddInfoVC.swift; sourceTree = "<group>"; };
		02485E1E23BD9F5D002A5478 /* SquareContainerView.swift */ = {isa = PBXFileReference; lastKnownFileType = sourcecode.swift; path = SquareContainerView.swift; sourceTree = "<group>"; };
		02782D4723BEDFF6006F44C3 /* ViewController+Extensions.swift */ = {isa = PBXFileReference; lastKnownFileType = sourcecode.swift; path = "ViewController+Extensions.swift"; sourceTree = "<group>"; };
		02782D4923BEE696006F44C3 /* SocialVC.swift */ = {isa = PBXFileReference; lastKnownFileType = sourcecode.swift; path = SocialVC.swift; sourceTree = "<group>"; };
		02782D4B23BEF4FF006F44C3 /* CardsVC.swift */ = {isa = PBXFileReference; lastKnownFileType = sourcecode.swift; path = CardsVC.swift; sourceTree = "<group>"; };
		02782D4F23BF0306006F44C3 /* CardCell.swift */ = {isa = PBXFileReference; lastKnownFileType = sourcecode.swift; path = CardCell.swift; sourceTree = "<group>"; };
		02E54B1022B16EC8000751CC /* String+Extension.swift */ = {isa = PBXFileReference; lastKnownFileType = sourcecode.swift; path = "String+Extension.swift"; sourceTree = "<group>"; };
		02E54B1322B33074000751CC /* PersistenceService.swift */ = {isa = PBXFileReference; lastKnownFileType = sourcecode.swift; path = PersistenceService.swift; sourceTree = "<group>"; };
		02E54B2722B35C94000751CC /* My_Business_Card.xcdatamodel */ = {isa = PBXFileReference; lastKnownFileType = wrapper.xcdatamodel; path = My_Business_Card.xcdatamodel; sourceTree = "<group>"; };
		02E54B2922B41F55000751CC /* Alert.swift */ = {isa = PBXFileReference; lastKnownFileType = sourcecode.swift; path = Alert.swift; sourceTree = "<group>"; };
		02F0B5F722A87F6000ED64C3 /* QRDS.app */ = {isa = PBXFileReference; explicitFileType = wrapper.application; includeInIndex = 0; path = QRDS.app; sourceTree = BUILT_PRODUCTS_DIR; };
		02F0B5FA22A87F6000ED64C3 /* AppDelegate.swift */ = {isa = PBXFileReference; lastKnownFileType = sourcecode.swift; path = AppDelegate.swift; sourceTree = "<group>"; };
		02F0B5FC22A87F6000ED64C3 /* CardsViewController.swift */ = {isa = PBXFileReference; lastKnownFileType = sourcecode.swift; path = CardsViewController.swift; sourceTree = "<group>"; };
		02F0B5FF22A87F6000ED64C3 /* Base */ = {isa = PBXFileReference; lastKnownFileType = file.storyboard; name = Base; path = Base.lproj/Main.storyboard; sourceTree = "<group>"; };
		02F0B60122A87F6100ED64C3 /* Assets.xcassets */ = {isa = PBXFileReference; lastKnownFileType = folder.assetcatalog; path = Assets.xcassets; sourceTree = "<group>"; };
		02F0B60422A87F6100ED64C3 /* Base */ = {isa = PBXFileReference; lastKnownFileType = file.storyboard; name = Base; path = Base.lproj/LaunchScreen.storyboard; sourceTree = "<group>"; };
		02F0B60622A87F6100ED64C3 /* Info.plist */ = {isa = PBXFileReference; lastKnownFileType = text.plist.xml; path = Info.plist; sourceTree = "<group>"; };
		02F0B60C22A8DD0200ED64C3 /* CardCollectionViewCell.swift */ = {isa = PBXFileReference; lastKnownFileType = sourcecode.swift; path = CardCollectionViewCell.swift; sourceTree = "<group>"; };
		02F0B61022A9800E00ED64C3 /* AddCardViewController.swift */ = {isa = PBXFileReference; lastKnownFileType = sourcecode.swift; path = AddCardViewController.swift; sourceTree = "<group>"; };
/* End PBXFileReference section */

/* Begin PBXFrameworksBuildPhase section */
		02F0B5F422A87F6000ED64C3 /* Frameworks */ = {
			isa = PBXFrameworksBuildPhase;
			buildActionMask = 2147483647;
			files = (
			);
			runOnlyForDeploymentPostprocessing = 0;
		};
/* End PBXFrameworksBuildPhase section */

/* Begin PBXGroup section */
		021648AD22C41DBE009AF692 /* CardsVCExtensions */ = {
			isa = PBXGroup;
			children = (
				021648AB22C41D9E009AF692 /* CVC+CollectionviewDelegate.swift */,
				021648A922C41D13009AF692 /* CVC+CustomDelegates.swift */,
				021648A722C41C64009AF692 /* CVC+ScrollView.swift */,
			);
			path = CardsVCExtensions;
			sourceTree = "<group>";
		};
		021648B022C42232009AF692 /* AddCardVCExtensions */ = {
			isa = PBXGroup;
			children = (
				021648AE22C42214009AF692 /* ACVC+TextfieldDelegates.swift */,
			);
			path = AddCardVCExtensions;
			sourceTree = "<group>";
		};
		02485E1523BD7D11002A5478 /* Custom Labels */ = {
			isa = PBXGroup;
			children = (
				02485E0F23BD7600002A5478 /* PrimaryLabel.swift */,
				02485E1123BD774C002A5478 /* SecondaryLabel.swift */,
			);
			path = "Custom Labels";
			sourceTree = "<group>";
		};
		02485E1623BD7D29002A5478 /* Custom Buttons */ = {
			isa = PBXGroup;
			children = (
				02485E0923BD02E7002A5478 /* PrimaryButton.swift */,
			);
			path = "Custom Buttons";
			sourceTree = "<group>";
		};
		02485E1723BD7D47002A5478 /* Custom Fields */ = {
			isa = PBXGroup;
			children = (
				02485E0B23BD61C5002A5478 /* PrimaryTextField.swift */,
			);
			path = "Custom Fields";
			sourceTree = "<group>";
		};
		02485E1823BD7D6B002A5478 /* Custom Containers */ = {
			isa = PBXGroup;
			children = (
				02485E1923BD7D99002A5478 /* CircleContainerView.swift */,
				02485E1E23BD9F5D002A5478 /* SquareContainerView.swift */,
			);
			path = "Custom Containers";
			sourceTree = "<group>";
		};
		02485E1B23BD9E71002A5478 /* Add Card Flow */ = {
			isa = PBXGroup;
			children = (
				02485E0523BBF1AA002A5478 /* CreateCardVC.swift */,
				02485E1C23BD9EAC002A5478 /* AddInfoVC.swift */,
				02782D4923BEE696006F44C3 /* SocialVC.swift */,
			);
			path = "Add Card Flow";
			sourceTree = "<group>";
		};
		02E54B1222B3304D000751CC /* Service */ = {
			isa = PBXGroup;
			children = (
				02E54B1322B33074000751CC /* PersistenceService.swift */,
				02E54B2922B41F55000751CC /* Alert.swift */,
			);
			path = Service;
			sourceTree = "<group>";
		};
		02F0B5EE22A87F6000ED64C3 = {
			isa = PBXGroup;
			children = (
				02F0B5F922A87F6000ED64C3 /* My Business Card */,
				02F0B5F822A87F6000ED64C3 /* Products */,
			);
			sourceTree = "<group>";
		};
		02F0B5F822A87F6000ED64C3 /* Products */ = {
			isa = PBXGroup;
			children = (
				02F0B5F722A87F6000ED64C3 /* QRDS.app */,
			);
			name = Products;
			sourceTree = "<group>";
		};
		02F0B5F922A87F6000ED64C3 /* My Business Card */ = {
			isa = PBXGroup;
			children = (
				02F0B5FA22A87F6000ED64C3 /* AppDelegate.swift */,
				02F0B61222AA136E00ED64C3 /* Model */,
				02F0B61322AA137700ED64C3 /* Controllers */,
				02F0B61422AA138700ED64C3 /* Views */,
				02F0B60122A87F6100ED64C3 /* Assets.xcassets */,
				02E54B1222B3304D000751CC /* Service */,
				02F0B61722AA15AA00ED64C3 /* Helpers */,
				02F0B60322A87F6100ED64C3 /* LaunchScreen.storyboard */,
				02F0B60622A87F6100ED64C3 /* Info.plist */,
			);
			path = "My Business Card";
			sourceTree = "<group>";
		};
		02F0B61222AA136E00ED64C3 /* Model */ = {
			isa = PBXGroup;
			children = (
				02E54B2622B35C94000751CC /* My_Business_Card.xcdatamodeld */,
			);
			path = Model;
			sourceTree = "<group>";
		};
		02F0B61322AA137700ED64C3 /* Controllers */ = {
			isa = PBXGroup;
			children = (
				02F0B5FC22A87F6000ED64C3 /* CardsViewController.swift */,
				02782D4B23BEF4FF006F44C3 /* CardsVC.swift */,
				02F0B61022A9800E00ED64C3 /* AddCardViewController.swift */,
				02485E1B23BD9E71002A5478 /* Add Card Flow */,
				021648AD22C41DBE009AF692 /* CardsVCExtensions */,
				021648B022C42232009AF692 /* AddCardVCExtensions */,
			);
			path = Controllers;
			sourceTree = "<group>";
		};
		02F0B61422AA138700ED64C3 /* Views */ = {
			isa = PBXGroup;
			children = (
				02F0B60C22A8DD0200ED64C3 /* CardCollectionViewCell.swift */,
				02782D4F23BF0306006F44C3 /* CardCell.swift */,
				02485E1823BD7D6B002A5478 /* Custom Containers */,
				02485E1623BD7D29002A5478 /* Custom Buttons */,
				02485E1723BD7D47002A5478 /* Custom Fields */,
				02485E1523BD7D11002A5478 /* Custom Labels */,
				02F0B5FE22A87F6000ED64C3 /* Main.storyboard */,
			);
			path = Views;
			sourceTree = "<group>";
		};
		02F0B61722AA15AA00ED64C3 /* Helpers */ = {
			isa = PBXGroup;
			children = (
				02E54B1022B16EC8000751CC /* String+Extension.swift */,
				02782D4723BEDFF6006F44C3 /* ViewController+Extensions.swift */,
				02485E1323BD7958002A5478 /* Constants.swift */,
				02485E0D23BD66CE002A5478 /* QRCodeBuilder.swift */,
			);
			path = Helpers;
			sourceTree = "<group>";
		};
/* End PBXGroup section */

/* Begin PBXNativeTarget section */
		02F0B5F622A87F6000ED64C3 /* QRDS */ = {
			isa = PBXNativeTarget;
			buildConfigurationList = 02F0B60922A87F6100ED64C3 /* Build configuration list for PBXNativeTarget "QRDS" */;
			buildPhases = (
				02F0B5F322A87F6000ED64C3 /* Sources */,
				02F0B5F422A87F6000ED64C3 /* Frameworks */,
				02F0B5F522A87F6000ED64C3 /* Resources */,
			);
			buildRules = (
			);
			dependencies = (
			);
			name = QRDS;
			productName = "My Business Card";
			productReference = 02F0B5F722A87F6000ED64C3 /* QRDS.app */;
			productType = "com.apple.product-type.application";
		};
/* End PBXNativeTarget section */

/* Begin PBXProject section */
		02F0B5EF22A87F6000ED64C3 /* Project object */ = {
			isa = PBXProject;
			attributes = {
				LastSwiftUpdateCheck = 1020;
				LastUpgradeCheck = 1020;
				ORGANIZATIONNAME = "Irving Martinez";
				TargetAttributes = {
					02F0B5F622A87F6000ED64C3 = {
						CreatedOnToolsVersion = 10.2.1;
					};
				};
			};
			buildConfigurationList = 02F0B5F222A87F6000ED64C3 /* Build configuration list for PBXProject "QRDS" */;
			compatibilityVersion = "Xcode 9.3";
			developmentRegion = en;
			hasScannedForEncodings = 0;
			knownRegions = (
				en,
				Base,
			);
			mainGroup = 02F0B5EE22A87F6000ED64C3;
			productRefGroup = 02F0B5F822A87F6000ED64C3 /* Products */;
			projectDirPath = "";
			projectRoot = "";
			targets = (
				02F0B5F622A87F6000ED64C3 /* QRDS */,
			);
		};
/* End PBXProject section */

/* Begin PBXResourcesBuildPhase section */
		02F0B5F522A87F6000ED64C3 /* Resources */ = {
			isa = PBXResourcesBuildPhase;
			buildActionMask = 2147483647;
			files = (
				02F0B60522A87F6100ED64C3 /* LaunchScreen.storyboard in Resources */,
				02F0B60222A87F6100ED64C3 /* Assets.xcassets in Resources */,
				02F0B60022A87F6000ED64C3 /* Main.storyboard in Resources */,
			);
			runOnlyForDeploymentPostprocessing = 0;
		};
/* End PBXResourcesBuildPhase section */

/* Begin PBXSourcesBuildPhase section */
		02F0B5F322A87F6000ED64C3 /* Sources */ = {
			isa = PBXSourcesBuildPhase;
			buildActionMask = 2147483647;
			files = (
				02485E0623BBF1AA002A5478 /* CreateCardVC.swift in Sources */,
				02485E1423BD7958002A5478 /* Constants.swift in Sources */,
				02F0B5FD22A87F6000ED64C3 /* CardsViewController.swift in Sources */,
				02485E0A23BD02E7002A5478 /* PrimaryButton.swift in Sources */,
				02485E1D23BD9EAC002A5478 /* AddInfoVC.swift in Sources */,
				02782D4823BEDFF6006F44C3 /* ViewController+Extensions.swift in Sources */,
				02485E1223BD774C002A5478 /* SecondaryLabel.swift in Sources */,
				02485E0E23BD66CE002A5478 /* QRCodeBuilder.swift in Sources */,
				02E54B2822B35C94000751CC /* My_Business_Card.xcdatamodeld in Sources */,
				02782D4C23BEF4FF006F44C3 /* CardsVC.swift in Sources */,
				02E54B1422B33074000751CC /* PersistenceService.swift in Sources */,
				02782D5023BF0306006F44C3 /* CardCell.swift in Sources */,
				02485E1A23BD7D99002A5478 /* CircleContainerView.swift in Sources */,
				02F0B60D22A8DD0200ED64C3 /* CardCollectionViewCell.swift in Sources */,
				02485E0C23BD61C5002A5478 /* PrimaryTextField.swift in Sources */,
				02782D4A23BEE696006F44C3 /* SocialVC.swift in Sources */,
				021648AF22C42214009AF692 /* ACVC+TextfieldDelegates.swift in Sources */,
				02F0B5FB22A87F6000ED64C3 /* AppDelegate.swift in Sources */,
				021648AC22C41D9E009AF692 /* CVC+CollectionviewDelegate.swift in Sources */,
				02E54B1122B16EC8000751CC /* String+Extension.swift in Sources */,
				02E54B2A22B41F55000751CC /* Alert.swift in Sources */,
				02485E1023BD7600002A5478 /* PrimaryLabel.swift in Sources */,
				021648AA22C41D13009AF692 /* CVC+CustomDelegates.swift in Sources */,
				021648A822C41C64009AF692 /* CVC+ScrollView.swift in Sources */,
				02F0B61122A9800E00ED64C3 /* AddCardViewController.swift in Sources */,
				02485E1F23BD9F5D002A5478 /* SquareContainerView.swift in Sources */,
			);
			runOnlyForDeploymentPostprocessing = 0;
		};
/* End PBXSourcesBuildPhase section */

/* Begin PBXVariantGroup section */
		02F0B5FE22A87F6000ED64C3 /* Main.storyboard */ = {
			isa = PBXVariantGroup;
			children = (
				02F0B5FF22A87F6000ED64C3 /* Base */,
			);
			name = Main.storyboard;
			sourceTree = "<group>";
		};
		02F0B60322A87F6100ED64C3 /* LaunchScreen.storyboard */ = {
			isa = PBXVariantGroup;
			children = (
				02F0B60422A87F6100ED64C3 /* Base */,
			);
			name = LaunchScreen.storyboard;
			sourceTree = "<group>";
		};
/* End PBXVariantGroup section */

/* Begin XCBuildConfiguration section */
		02F0B60722A87F6100ED64C3 /* Debug */ = {
			isa = XCBuildConfiguration;
			buildSettings = {
				ALWAYS_SEARCH_USER_PATHS = NO;
				CLANG_ANALYZER_NONNULL = YES;
				CLANG_ANALYZER_NUMBER_OBJECT_CONVERSION = YES_AGGRESSIVE;
				CLANG_CXX_LANGUAGE_STANDARD = "gnu++14";
				CLANG_CXX_LIBRARY = "libc++";
				CLANG_ENABLE_MODULES = YES;
				CLANG_ENABLE_OBJC_ARC = YES;
				CLANG_ENABLE_OBJC_WEAK = YES;
				CLANG_WARN_BLOCK_CAPTURE_AUTORELEASING = YES;
				CLANG_WARN_BOOL_CONVERSION = YES;
				CLANG_WARN_COMMA = YES;
				CLANG_WARN_CONSTANT_CONVERSION = YES;
				CLANG_WARN_DEPRECATED_OBJC_IMPLEMENTATIONS = YES;
				CLANG_WARN_DIRECT_OBJC_ISA_USAGE = YES_ERROR;
				CLANG_WARN_DOCUMENTATION_COMMENTS = YES;
				CLANG_WARN_EMPTY_BODY = YES;
				CLANG_WARN_ENUM_CONVERSION = YES;
				CLANG_WARN_INFINITE_RECURSION = YES;
				CLANG_WARN_INT_CONVERSION = YES;
				CLANG_WARN_NON_LITERAL_NULL_CONVERSION = YES;
				CLANG_WARN_OBJC_IMPLICIT_RETAIN_SELF = YES;
				CLANG_WARN_OBJC_LITERAL_CONVERSION = YES;
				CLANG_WARN_OBJC_ROOT_CLASS = YES_ERROR;
				CLANG_WARN_RANGE_LOOP_ANALYSIS = YES;
				CLANG_WARN_STRICT_PROTOTYPES = YES;
				CLANG_WARN_SUSPICIOUS_MOVE = YES;
				CLANG_WARN_UNGUARDED_AVAILABILITY = YES_AGGRESSIVE;
				CLANG_WARN_UNREACHABLE_CODE = YES;
				CLANG_WARN__DUPLICATE_METHOD_MATCH = YES;
				CODE_SIGN_IDENTITY = "iPhone Developer";
				COPY_PHASE_STRIP = NO;
				DEBUG_INFORMATION_FORMAT = dwarf;
				ENABLE_STRICT_OBJC_MSGSEND = YES;
				ENABLE_TESTABILITY = YES;
				GCC_C_LANGUAGE_STANDARD = gnu11;
				GCC_DYNAMIC_NO_PIC = NO;
				GCC_NO_COMMON_BLOCKS = YES;
				GCC_OPTIMIZATION_LEVEL = 0;
				GCC_PREPROCESSOR_DEFINITIONS = (
					"DEBUG=1",
					"$(inherited)",
				);
				GCC_WARN_64_TO_32_BIT_CONVERSION = YES;
				GCC_WARN_ABOUT_RETURN_TYPE = YES_ERROR;
				GCC_WARN_UNDECLARED_SELECTOR = YES;
				GCC_WARN_UNINITIALIZED_AUTOS = YES_AGGRESSIVE;
				GCC_WARN_UNUSED_FUNCTION = YES;
				GCC_WARN_UNUSED_VARIABLE = YES;
				IPHONEOS_DEPLOYMENT_TARGET = 13.0;
				MTL_ENABLE_DEBUG_INFO = INCLUDE_SOURCE;
				MTL_FAST_MATH = YES;
				ONLY_ACTIVE_ARCH = YES;
				SDKROOT = iphoneos;
				SWIFT_ACTIVE_COMPILATION_CONDITIONS = DEBUG;
				SWIFT_OPTIMIZATION_LEVEL = "-Onone";
			};
			name = Debug;
		};
		02F0B60822A87F6100ED64C3 /* Release */ = {
			isa = XCBuildConfiguration;
			buildSettings = {
				ALWAYS_SEARCH_USER_PATHS = NO;
				CLANG_ANALYZER_NONNULL = YES;
				CLANG_ANALYZER_NUMBER_OBJECT_CONVERSION = YES_AGGRESSIVE;
				CLANG_CXX_LANGUAGE_STANDARD = "gnu++14";
				CLANG_CXX_LIBRARY = "libc++";
				CLANG_ENABLE_MODULES = YES;
				CLANG_ENABLE_OBJC_ARC = YES;
				CLANG_ENABLE_OBJC_WEAK = YES;
				CLANG_WARN_BLOCK_CAPTURE_AUTORELEASING = YES;
				CLANG_WARN_BOOL_CONVERSION = YES;
				CLANG_WARN_COMMA = YES;
				CLANG_WARN_CONSTANT_CONVERSION = YES;
				CLANG_WARN_DEPRECATED_OBJC_IMPLEMENTATIONS = YES;
				CLANG_WARN_DIRECT_OBJC_ISA_USAGE = YES_ERROR;
				CLANG_WARN_DOCUMENTATION_COMMENTS = YES;
				CLANG_WARN_EMPTY_BODY = YES;
				CLANG_WARN_ENUM_CONVERSION = YES;
				CLANG_WARN_INFINITE_RECURSION = YES;
				CLANG_WARN_INT_CONVERSION = YES;
				CLANG_WARN_NON_LITERAL_NULL_CONVERSION = YES;
				CLANG_WARN_OBJC_IMPLICIT_RETAIN_SELF = YES;
				CLANG_WARN_OBJC_LITERAL_CONVERSION = YES;
				CLANG_WARN_OBJC_ROOT_CLASS = YES_ERROR;
				CLANG_WARN_RANGE_LOOP_ANALYSIS = YES;
				CLANG_WARN_STRICT_PROTOTYPES = YES;
				CLANG_WARN_SUSPICIOUS_MOVE = YES;
				CLANG_WARN_UNGUARDED_AVAILABILITY = YES_AGGRESSIVE;
				CLANG_WARN_UNREACHABLE_CODE = YES;
				CLANG_WARN__DUPLICATE_METHOD_MATCH = YES;
				CODE_SIGN_IDENTITY = "iPhone Developer";
				COPY_PHASE_STRIP = NO;
				DEBUG_INFORMATION_FORMAT = "dwarf-with-dsym";
				ENABLE_NS_ASSERTIONS = NO;
				ENABLE_STRICT_OBJC_MSGSEND = YES;
				GCC_C_LANGUAGE_STANDARD = gnu11;
				GCC_NO_COMMON_BLOCKS = YES;
				GCC_WARN_64_TO_32_BIT_CONVERSION = YES;
				GCC_WARN_ABOUT_RETURN_TYPE = YES_ERROR;
				GCC_WARN_UNDECLARED_SELECTOR = YES;
				GCC_WARN_UNINITIALIZED_AUTOS = YES_AGGRESSIVE;
				GCC_WARN_UNUSED_FUNCTION = YES;
				GCC_WARN_UNUSED_VARIABLE = YES;
				IPHONEOS_DEPLOYMENT_TARGET = 13.0;
				MTL_ENABLE_DEBUG_INFO = NO;
				MTL_FAST_MATH = YES;
				SDKROOT = iphoneos;
				SWIFT_COMPILATION_MODE = wholemodule;
				SWIFT_OPTIMIZATION_LEVEL = "-O";
				VALIDATE_PRODUCT = YES;
			};
			name = Release;
		};
		02F0B60A22A87F6100ED64C3 /* Debug */ = {
			isa = XCBuildConfiguration;
			buildSettings = {
				ASSETCATALOG_COMPILER_APPICON_NAME = AppIcon;
				CODE_SIGN_STYLE = Automatic;
				DEVELOPMENT_TEAM = HVUN33Q65U;
				INFOPLIST_FILE = "My Business Card/Info.plist";
				IPHONEOS_DEPLOYMENT_TARGET = 11.0;
				LD_RUNPATH_SEARCH_PATHS = (
					"$(inherited)",
					"@executable_path/Frameworks",
				);
				PRODUCT_BUNDLE_IDENTIFIER = com.IrvingCodes.QRDS;
				PRODUCT_NAME = "$(TARGET_NAME)";
				SWIFT_VERSION = 5.0;
				TARGETED_DEVICE_FAMILY = 1;
			};
			name = Debug;
		};
		02F0B60B22A87F6100ED64C3 /* Release */ = {
			isa = XCBuildConfiguration;
			buildSettings = {
				ASSETCATALOG_COMPILER_APPICON_NAME = AppIcon;
				CODE_SIGN_STYLE = Automatic;
				DEVELOPMENT_TEAM = HVUN33Q65U;
				INFOPLIST_FILE = "My Business Card/Info.plist";
				IPHONEOS_DEPLOYMENT_TARGET = 11.0;
				LD_RUNPATH_SEARCH_PATHS = (
					"$(inherited)",
					"@executable_path/Frameworks",
				);
				PRODUCT_BUNDLE_IDENTIFIER = com.IrvingCodes.QRDS;
				PRODUCT_NAME = "$(TARGET_NAME)";
				SWIFT_VERSION = 5.0;
				TARGETED_DEVICE_FAMILY = 1;
			};
			name = Release;
		};
/* End XCBuildConfiguration section */

/* Begin XCConfigurationList section */
		02F0B5F222A87F6000ED64C3 /* Build configuration list for PBXProject "QRDS" */ = {
			isa = XCConfigurationList;
			buildConfigurations = (
				02F0B60722A87F6100ED64C3 /* Debug */,
				02F0B60822A87F6100ED64C3 /* Release */,
			);
			defaultConfigurationIsVisible = 0;
			defaultConfigurationName = Release;
		};
		02F0B60922A87F6100ED64C3 /* Build configuration list for PBXNativeTarget "QRDS" */ = {
			isa = XCConfigurationList;
			buildConfigurations = (
				02F0B60A22A87F6100ED64C3 /* Debug */,
				02F0B60B22A87F6100ED64C3 /* Release */,
			);
			defaultConfigurationIsVisible = 0;
			defaultConfigurationName = Release;
		};
/* End XCConfigurationList section */

/* Begin XCVersionGroup section */
		02E54B2622B35C94000751CC /* My_Business_Card.xcdatamodeld */ = {
			isa = XCVersionGroup;
			children = (
				02E54B2722B35C94000751CC /* My_Business_Card.xcdatamodel */,
			);
			currentVersion = 02E54B2722B35C94000751CC /* My_Business_Card.xcdatamodel */;
			path = My_Business_Card.xcdatamodeld;
			sourceTree = "<group>";
			versionGroupType = wrapper.xcdatamodel;
		};
/* End XCVersionGroup section */
	};
	rootObject = 02F0B5EF22A87F6000ED64C3 /* Project object */;
}
